
Microsoft Visual Studio Solution File, Format Version 12.00
# Visual Studio 15
VisualStudioVersion = 15.0.27130.2027
MinimumVisualStudioVersion = 10.0.40219.1
Project("{FAE04EC0-301F-11D3-BF4B-00C04F79EFBC}") = "BotViajadao_old", "BotViajadao\BotViajadao_old.csproj", "{EEF020FC-A018-4F89-8B90-D0E050DDC389}"
EndProject
Project("{FAE04EC0-301F-11D3-BF4B-00C04F79EFBC}") = "BotViajadao", "src\BotViajadao\BotViajadao.csproj", "{F6C54C0D-5DEF-4C7B-86F9-FC53A4D8CD2B}"
EndProject
Project("{FAE04EC0-301F-11D3-BF4B-00C04F79EFBC}") = "BotViajadao.Model", "src\BotViajadao.Model\BotViajadao.Model.csproj", "{3B56585D-4555-4999-96CE-96E21077E4DF}"
EndProject
Project("{FAE04EC0-301F-11D3-BF4B-00C04F79EFBC}") = "BotViajadao.Util", "src\BotViajadao.Util\BotViajadao.Util.csproj", "{CBC7906E-0185-4ED5-B618-FE5A540F6268}"
EndProject
Global
	GlobalSection(SolutionConfigurationPlatforms) = preSolution
		Debug|Any CPU = Debug|Any CPU
		Release|Any CPU = Release|Any CPU
	EndGlobalSection
	GlobalSection(ProjectConfigurationPlatforms) = postSolution
		{EEF020FC-A018-4F89-8B90-D0E050DDC389}.Debug|Any CPU.ActiveCfg = Debug|Any CPU
		{EEF020FC-A018-4F89-8B90-D0E050DDC389}.Debug|Any CPU.Build.0 = Debug|Any CPU
		{EEF020FC-A018-4F89-8B90-D0E050DDC389}.Release|Any CPU.ActiveCfg = Release|Any CPU
		{EEF020FC-A018-4F89-8B90-D0E050DDC389}.Release|Any CPU.Build.0 = Release|Any CPU
		{F6C54C0D-5DEF-4C7B-86F9-FC53A4D8CD2B}.Debug|Any CPU.ActiveCfg = Debug|Any CPU
		{F6C54C0D-5DEF-4C7B-86F9-FC53A4D8CD2B}.Debug|Any CPU.Build.0 = Debug|Any CPU
		{F6C54C0D-5DEF-4C7B-86F9-FC53A4D8CD2B}.Release|Any CPU.ActiveCfg = Release|Any CPU
		{F6C54C0D-5DEF-4C7B-86F9-FC53A4D8CD2B}.Release|Any CPU.Build.0 = Release|Any CPU
		{3B56585D-4555-4999-96CE-96E21077E4DF}.Debug|Any CPU.ActiveCfg = Debug|Any CPU
		{3B56585D-4555-4999-96CE-96E21077E4DF}.Debug|Any CPU.Build.0 = Debug|Any CPU
		{3B56585D-4555-4999-96CE-96E21077E4DF}.Release|Any CPU.ActiveCfg = Release|Any CPU
		{3B56585D-4555-4999-96CE-96E21077E4DF}.Release|Any CPU.Build.0 = Release|Any CPU
		{CBC7906E-0185-4ED5-B618-FE5A540F6268}.Debug|Any CPU.ActiveCfg = Debug|Any CPU
		{CBC7906E-0185-4ED5-B618-FE5A540F6268}.Debug|Any CPU.Build.0 = Debug|Any CPU
		{CBC7906E-0185-4ED5-B618-FE5A540F6268}.Release|Any CPU.ActiveCfg = Release|Any CPU
		{CBC7906E-0185-4ED5-B618-FE5A540F6268}.Release|Any CPU.Build.0 = Release|Any CPU
	EndGlobalSection
	GlobalSection(SolutionProperties) = preSolution
		HideSolutionNode = FALSE
	EndGlobalSection
	GlobalSection(ExtensibilityGlobals) = postSolution
		SolutionGuid = {A27D34F1-540A-48DB-BB02-E5A1AC8BAE5B}
	EndGlobalSection
EndGlobal
